
Microsoft Visual Studio Solution File, Format Version 12.00
# Visual Studio Version 18
VisualStudioVersion = 18.0.11222.15
MinimumVisualStudioVersion = 10.0.40219.1
Project("{FAE04EC0-301F-11D3-BF4B-00C04F79EFBC}") = "RotateMatrix", "..\RotateMatrix\RotateMatrix.csproj", "{57F85F60-DF17-4A18-8710-4D65BD89078B}"
EndProject
Project("{FAE04EC0-301F-11D3-BF4B-00C04F79EFBC}") = "ReverseAString", "..\ReverseAString\ReverseAString.csproj", "{2B6F7C44-EED5-4F7A-BA5F-F1707C23A2BE}"
EndProject
Project("{FAE04EC0-301F-11D3-BF4B-00C04F79EFBC}") = "PalindromeList", "..\PalindromeList\PalindromeList.csproj", "{15B6EB74-D16E-42EF-AEE3-0930335DCFA8}"
EndProject
Project("{FAE04EC0-301F-11D3-BF4B-00C04F79EFBC}") = "MissingNumber", "..\MissingNumber\MissingNumber.csproj", "{4B89F345-7763-4756-B0A1-D8CA9B436585}"
EndProject
Project("{2150E333-8FDC-42A3-9474-1A3956D46DE8}") = "Basics", "Basics", "{7BBE4AB3-8DA5-4C6C-B1B7-22B7991CB5B2}"
EndProject
Project("{2150E333-8FDC-42A3-9474-1A3956D46DE8}") = "MemoryManagement", "MemoryManagement", "{43EA6568-696E-4C10-97D3-37173C01E5F5}"
EndProject
Project("{2150E333-8FDC-42A3-9474-1A3956D46DE8}") = "Algorithms", "Algorithms", "{64A04E1A-DBD4-4B84-B41A-91C0D3C9467E}"
EndProject
Project("{FAE04EC0-301F-11D3-BF4B-00C04F79EFBC}") = "LineIntersection", "..\LineIntersection\LineIntersection.csproj", "{7D2AD3B6-AF37-49B2-BFC7-F40F8AB7C3FB}"
EndProject
Project("{FAE04EC0-301F-11D3-BF4B-00C04F79EFBC}") = "TwoSum", "..\TwoSum\TwoSum.csproj", "{42FD76D7-AD44-4CBD-B02A-38820F499492}"
EndProject
Project("{FAE04EC0-301F-11D3-BF4B-00C04F79EFBC}") = "MostExistValue", "..\MostExistValue\MostExistValue.csproj", "{F6A3F63B-C30B-45DD-BE3B-315AD67E5C4A}"
EndProject
Project("{FAE04EC0-301F-11D3-BF4B-00C04F79EFBC}") = "ClosestPairDivideConquer", "..\ClosestPairDivideConquer\ClosestPairDivideConquer.csproj", "{B3097963-04F6-4ADB-BDAF-541E96E294D3}"
EndProject
Project("{FAE04EC0-301F-11D3-BF4B-00C04F79EFBC}") = "ReversingSentence", "..\ReversingSentence\ReversingSentence.csproj", "{42182E85-5152-4DA1-AE8B-5A3006E8360C}"
EndProject
Project("{2150E333-8FDC-42A3-9474-1A3956D46DE8}") = "sorting", "sorting", "{1EBAFBD7-DFD4-4BE5-9931-3D02151C4F52}"
EndProject
Project("{FAE04EC0-301F-11D3-BF4B-00C04F79EFBC}") = "ReverseSentenceInArray", "..\ReverseSentenceInArray\ReverseSentenceInArray.csproj", "{EBD138B8-3C98-4DE5-B301-7D356177C8A7}"
EndProject
Project("{2150E333-8FDC-42A3-9474-1A3956D46DE8}") = "graphs", "graphs", "{4975294B-ACE8-49C2-B217-0FCAD223D865}"
EndProject
Project("{FAE04EC0-301F-11D3-BF4B-00C04F79EFBC}") = "AStar", "graphs\AStar\AStar.csproj", "{24CB15D8-4453-0FEB-38B5-5AA90CC57A2D}"
EndProject
Project("{FAE04EC0-301F-11D3-BF4B-00C04F79EFBC}") = "PermutationPalindromev2", "..\PermutationPalindromev2\PermutationPalindromev2.csproj", "{AFB0C6E1-0C7B-4115-98C7-250A54DC480E}"
EndProject
Project("{FAE04EC0-301F-11D3-BF4B-00C04F79EFBC}") = "BreadthFirstSearch", "graphs\BFS\BreadthFirstSearch.csproj", "{317B29A8-6FCC-4580-938B-6A203D5D3BB2}"
EndProject
Project("{FAE04EC0-301F-11D3-BF4B-00C04F79EFBC}") = "DepthFirstSearch", "graphs\DFS\DepthFirstSearch.csproj", "{C12745E6-F7CB-F21C-5579-7FDFF334DB8C}"
EndProject
Project("{FAE04EC0-301F-11D3-BF4B-00C04F79EFBC}") = "Dijkstra", "graphs\DijkstraAlgorithmSimple\Dijkstra.csproj", "{EE3A4BAC-62DD-5F1A-C3A9-38FE517423DE}"
EndProject
Project("{FAE04EC0-301F-11D3-BF4B-00C04F79EFBC}") = "BubbleSort", "sorting\BubbleSort\BubbleSort.csproj", "{F901CA69-5C34-6FA9-AAA9-98EF8F396B9B}"
EndProject
Project("{FAE04EC0-301F-11D3-BF4B-00C04F79EFBC}") = "HeapSearch", "sorting\HeapSearch\HeapSearch.csproj", "{4288A420-5275-AEF1-B49A-ADAB52DE258F}"
EndProject
Project("{FAE04EC0-301F-11D3-BF4B-00C04F79EFBC}") = "Inserting", "sorting\Inserting\Inserting.csproj", "{9CF4E023-DDF5-E272-2D91-B0C51F1D1E6B}"
EndProject
Project("{FAE04EC0-301F-11D3-BF4B-00C04F79EFBC}") = "MergeSort", "sorting\MergeSort\MergeSort.csproj", "{4DB739FE-C440-39E9-B25F-94BE09A20BD1}"
EndProject
Project("{FAE04EC0-301F-11D3-BF4B-00C04F79EFBC}") = "QuickSort", "sorting\QuickSort\QuickSort.csproj", "{145CCE47-D23F-70D3-A7E9-498BD4488AB0}"
EndProject
Project("{FAE04EC0-301F-11D3-BF4B-00C04F79EFBC}") = "ArrayPool", "basics\ArrayPool\ArrayPool.csproj", "{5D4ACA44-4789-384C-853E-F453044FC27F}"
EndProject
Project("{FAE04EC0-301F-11D3-BF4B-00C04F79EFBC}") = "Arrays", "basics\Arrays\Arrays.csproj", "{EADF27B0-2127-F323-4D50-DED52E8727AB}"
EndProject
Project("{FAE04EC0-301F-11D3-BF4B-00C04F79EFBC}") = "LinkedList", "basics\BasicsLists\LinkedList.csproj", "{EC97FABC-7583-A98B-BE07-9C77AD71135D}"
EndProject
Project("{FAE04EC0-301F-11D3-BF4B-00C04F79EFBC}") = "Queues", "basics\BasicsQueues\Queues.csproj", "{E496AB31-8CB5-5E62-C218-81793D36ED10}"
EndProject
Project("{FAE04EC0-301F-11D3-BF4B-00C04F79EFBC}") = "Span", "basics\BasicsSpan\Span.csproj", "{7EB75FF4-EF45-BA02-8747-2A3AAAC08247}"
EndProject
Project("{FAE04EC0-301F-11D3-BF4B-00C04F79EFBC}") = "BasicsTree", "basics\BasicsTree\BasicsTree.csproj", "{90DD19B5-D1D7-5734-51BF-0A067A2E05CB}"
EndProject
Project("{FAE04EC0-301F-11D3-BF4B-00C04F79EFBC}") = "Dictionaries", "basics\Dictionaries\Dictionaries.csproj", "{38FE4107-016B-991B-37B7-AF42E1419F1E}"
EndProject
Project("{FAE04EC0-301F-11D3-BF4B-00C04F79EFBC}") = "HashMethods", "basics\HashMethods\HashMethods.csproj", "{E68F0BD2-7B03-9136-EB04-318E29D05B88}"
EndProject
Project("{FAE04EC0-301F-11D3-BF4B-00C04F79EFBC}") = "HashSet", "basics\HashSet\HashSet.csproj", "{00B7AF7A-A222-76BC-BCB5-64E7301B1089}"
EndProject
Project("{FAE04EC0-301F-11D3-BF4B-00C04F79EFBC}") = "Lists", "basics\Lists\Lists.csproj", "{72D28BAD-AD4A-2171-D3BF-FD57295B1FCA}"
EndProject
Project("{FAE04EC0-301F-11D3-BF4B-00C04F79EFBC}") = "PriorityQueue", "basics\PriorityQueue\PriorityQueue.csproj", "{0F668A78-83A5-E5C9-E3D0-5691946F39E4}"
EndProject
Project("{FAE04EC0-301F-11D3-BF4B-00C04F79EFBC}") = "Records", "basics\Records\Records.csproj", "{125BBFA8-3E75-91F7-2B13-1960B5E85FA1}"
EndProject
Project("{FAE04EC0-301F-11D3-BF4B-00C04F79EFBC}") = "BasicsStacks", "basics\StacksBasics\BasicsStacks.csproj", "{EEF95313-DF45-ABD8-C80A-986D2008FBA9}"
EndProject
Project("{FAE04EC0-301F-11D3-BF4B-00C04F79EFBC}") = "ValueTuples", "basics\ValueTuples\ValueTuples.csproj", "{6D173863-5A8E-7726-5C01-29B294F5C9FF}"
EndProject
Project("{FAE04EC0-301F-11D3-BF4B-00C04F79EFBC}") = "GarbageCollector", "memoryManagement\GarbageCollector\GarbageCollector.csproj", "{E09296F6-0AF6-9C2D-A742-73C856F533AE}"
EndProject
Project("{FAE04EC0-301F-11D3-BF4B-00C04F79EFBC}") = "ParallelFor", "memoryManagement\ParallelFor\ParallelFor.csproj", "{EEAC9B01-76C5-13EC-28E6-89A674E009DB}"
EndProject
Project("{FAE04EC0-301F-11D3-BF4B-00C04F79EFBC}") = "ParallelForEach", "memoryManagement\ParallelForTCores\ParallelForEach.csproj", "{19A4447D-38C1-4126-E8FC-952E56BE59AA}"
EndProject
Project("{FAE04EC0-301F-11D3-BF4B-00C04F79EFBC}") = "TaskWithAsync", "memoryManagement\TaskWithAsync\TaskWithAsync.csproj", "{6C59BEAC-E1D5-92CF-613A-59E63045E90A}"
EndProject
Project("{FAE04EC0-301F-11D3-BF4B-00C04F79EFBC}") = "TaskWithoutAsync", "memoryManagement\TaskWithoutAsync\TaskWithoutAsync.csproj", "{BA857841-624C-B6E2-38E6-E5FCC5FD0C9A}"
EndProject
Project("{FAE04EC0-301F-11D3-BF4B-00C04F79EFBC}") = "CancellationToken", "memoryManagement\CancellationToken\CancellationToken.csproj", "{82F95EFD-297E-4917-ACB0-8176831DC0C3}"
EndProject
Global
	GlobalSection(SolutionConfigurationPlatforms) = preSolution
		Debug|Any CPU = Debug|Any CPU
		Release|Any CPU = Release|Any CPU
	EndGlobalSection
	GlobalSection(ProjectConfigurationPlatforms) = postSolution
		{57F85F60-DF17-4A18-8710-4D65BD89078B}.Debug|Any CPU.ActiveCfg = Debug|Any CPU
		{57F85F60-DF17-4A18-8710-4D65BD89078B}.Debug|Any CPU.Build.0 = Debug|Any CPU
		{57F85F60-DF17-4A18-8710-4D65BD89078B}.Release|Any CPU.ActiveCfg = Release|Any CPU
		{57F85F60-DF17-4A18-8710-4D65BD89078B}.Release|Any CPU.Build.0 = Release|Any CPU
		{2B6F7C44-EED5-4F7A-BA5F-F1707C23A2BE}.Debug|Any CPU.ActiveCfg = Debug|Any CPU
		{2B6F7C44-EED5-4F7A-BA5F-F1707C23A2BE}.Debug|Any CPU.Build.0 = Debug|Any CPU
		{2B6F7C44-EED5-4F7A-BA5F-F1707C23A2BE}.Release|Any CPU.ActiveCfg = Release|Any CPU
		{2B6F7C44-EED5-4F7A-BA5F-F1707C23A2BE}.Release|Any CPU.Build.0 = Release|Any CPU
		{15B6EB74-D16E-42EF-AEE3-0930335DCFA8}.Debug|Any CPU.ActiveCfg = Debug|Any CPU
		{15B6EB74-D16E-42EF-AEE3-0930335DCFA8}.Debug|Any CPU.Build.0 = Debug|Any CPU
		{15B6EB74-D16E-42EF-AEE3-0930335DCFA8}.Release|Any CPU.ActiveCfg = Release|Any CPU
		{15B6EB74-D16E-42EF-AEE3-0930335DCFA8}.Release|Any CPU.Build.0 = Release|Any CPU
		{4B89F345-7763-4756-B0A1-D8CA9B436585}.Debug|Any CPU.ActiveCfg = Debug|Any CPU
		{4B89F345-7763-4756-B0A1-D8CA9B436585}.Debug|Any CPU.Build.0 = Debug|Any CPU
		{4B89F345-7763-4756-B0A1-D8CA9B436585}.Release|Any CPU.ActiveCfg = Release|Any CPU
		{4B89F345-7763-4756-B0A1-D8CA9B436585}.Release|Any CPU.Build.0 = Release|Any CPU
		{7D2AD3B6-AF37-49B2-BFC7-F40F8AB7C3FB}.Debug|Any CPU.ActiveCfg = Debug|Any CPU
		{7D2AD3B6-AF37-49B2-BFC7-F40F8AB7C3FB}.Debug|Any CPU.Build.0 = Debug|Any CPU
		{7D2AD3B6-AF37-49B2-BFC7-F40F8AB7C3FB}.Release|Any CPU.ActiveCfg = Release|Any CPU
		{7D2AD3B6-AF37-49B2-BFC7-F40F8AB7C3FB}.Release|Any CPU.Build.0 = Release|Any CPU
		{42FD76D7-AD44-4CBD-B02A-38820F499492}.Debug|Any CPU.ActiveCfg = Debug|Any CPU
		{42FD76D7-AD44-4CBD-B02A-38820F499492}.Debug|Any CPU.Build.0 = Debug|Any CPU
		{42FD76D7-AD44-4CBD-B02A-38820F499492}.Release|Any CPU.ActiveCfg = Release|Any CPU
		{42FD76D7-AD44-4CBD-B02A-38820F499492}.Release|Any CPU.Build.0 = Release|Any CPU
		{F6A3F63B-C30B-45DD-BE3B-315AD67E5C4A}.Debug|Any CPU.ActiveCfg = Debug|Any CPU
		{F6A3F63B-C30B-45DD-BE3B-315AD67E5C4A}.Debug|Any CPU.Build.0 = Debug|Any CPU
		{F6A3F63B-C30B-45DD-BE3B-315AD67E5C4A}.Release|Any CPU.ActiveCfg = Release|Any CPU
		{F6A3F63B-C30B-45DD-BE3B-315AD67E5C4A}.Release|Any CPU.Build.0 = Release|Any CPU
		{B3097963-04F6-4ADB-BDAF-541E96E294D3}.Debug|Any CPU.ActiveCfg = Debug|Any CPU
		{B3097963-04F6-4ADB-BDAF-541E96E294D3}.Debug|Any CPU.Build.0 = Debug|Any CPU
		{B3097963-04F6-4ADB-BDAF-541E96E294D3}.Release|Any CPU.ActiveCfg = Release|Any CPU
		{B3097963-04F6-4ADB-BDAF-541E96E294D3}.Release|Any CPU.Build.0 = Release|Any CPU
		{42182E85-5152-4DA1-AE8B-5A3006E8360C}.Debug|Any CPU.ActiveCfg = Debug|Any CPU
		{42182E85-5152-4DA1-AE8B-5A3006E8360C}.Debug|Any CPU.Build.0 = Debug|Any CPU
		{42182E85-5152-4DA1-AE8B-5A3006E8360C}.Release|Any CPU.ActiveCfg = Release|Any CPU
		{42182E85-5152-4DA1-AE8B-5A3006E8360C}.Release|Any CPU.Build.0 = Release|Any CPU
		{EBD138B8-3C98-4DE5-B301-7D356177C8A7}.Debug|Any CPU.ActiveCfg = Debug|Any CPU
		{EBD138B8-3C98-4DE5-B301-7D356177C8A7}.Debug|Any CPU.Build.0 = Debug|Any CPU
		{EBD138B8-3C98-4DE5-B301-7D356177C8A7}.Release|Any CPU.ActiveCfg = Release|Any CPU
		{EBD138B8-3C98-4DE5-B301-7D356177C8A7}.Release|Any CPU.Build.0 = Release|Any CPU
		{24CB15D8-4453-0FEB-38B5-5AA90CC57A2D}.Debug|Any CPU.ActiveCfg = Debug|Any CPU
		{24CB15D8-4453-0FEB-38B5-5AA90CC57A2D}.Debug|Any CPU.Build.0 = Debug|Any CPU
		{24CB15D8-4453-0FEB-38B5-5AA90CC57A2D}.Release|Any CPU.ActiveCfg = Release|Any CPU
		{24CB15D8-4453-0FEB-38B5-5AA90CC57A2D}.Release|Any CPU.Build.0 = Release|Any CPU
		{AFB0C6E1-0C7B-4115-98C7-250A54DC480E}.Debug|Any CPU.ActiveCfg = Debug|Any CPU
		{AFB0C6E1-0C7B-4115-98C7-250A54DC480E}.Debug|Any CPU.Build.0 = Debug|Any CPU
		{AFB0C6E1-0C7B-4115-98C7-250A54DC480E}.Release|Any CPU.ActiveCfg = Release|Any CPU
		{AFB0C6E1-0C7B-4115-98C7-250A54DC480E}.Release|Any CPU.Build.0 = Release|Any CPU
		{317B29A8-6FCC-4580-938B-6A203D5D3BB2}.Debug|Any CPU.ActiveCfg = Debug|Any CPU
		{317B29A8-6FCC-4580-938B-6A203D5D3BB2}.Debug|Any CPU.Build.0 = Debug|Any CPU
		{317B29A8-6FCC-4580-938B-6A203D5D3BB2}.Release|Any CPU.ActiveCfg = Release|Any CPU
		{317B29A8-6FCC-4580-938B-6A203D5D3BB2}.Release|Any CPU.Build.0 = Release|Any CPU
		{C12745E6-F7CB-F21C-5579-7FDFF334DB8C}.Debug|Any CPU.ActiveCfg = Debug|Any CPU
		{C12745E6-F7CB-F21C-5579-7FDFF334DB8C}.Debug|Any CPU.Build.0 = Debug|Any CPU
		{C12745E6-F7CB-F21C-5579-7FDFF334DB8C}.Release|Any CPU.ActiveCfg = Release|Any CPU
		{C12745E6-F7CB-F21C-5579-7FDFF334DB8C}.Release|Any CPU.Build.0 = Release|Any CPU
		{EE3A4BAC-62DD-5F1A-C3A9-38FE517423DE}.Debug|Any CPU.ActiveCfg = Debug|Any CPU
		{EE3A4BAC-62DD-5F1A-C3A9-38FE517423DE}.Debug|Any CPU.Build.0 = Debug|Any CPU
		{EE3A4BAC-62DD-5F1A-C3A9-38FE517423DE}.Release|Any CPU.ActiveCfg = Release|Any CPU
		{EE3A4BAC-62DD-5F1A-C3A9-38FE517423DE}.Release|Any CPU.Build.0 = Release|Any CPU
		{F901CA69-5C34-6FA9-AAA9-98EF8F396B9B}.Debug|Any CPU.ActiveCfg = Debug|Any CPU
		{F901CA69-5C34-6FA9-AAA9-98EF8F396B9B}.Debug|Any CPU.Build.0 = Debug|Any CPU
		{F901CA69-5C34-6FA9-AAA9-98EF8F396B9B}.Release|Any CPU.ActiveCfg = Release|Any CPU
		{F901CA69-5C34-6FA9-AAA9-98EF8F396B9B}.Release|Any CPU.Build.0 = Release|Any CPU
		{4288A420-5275-AEF1-B49A-ADAB52DE258F}.Debug|Any CPU.ActiveCfg = Debug|Any CPU
		{4288A420-5275-AEF1-B49A-ADAB52DE258F}.Debug|Any CPU.Build.0 = Debug|Any CPU
		{4288A420-5275-AEF1-B49A-ADAB52DE258F}.Release|Any CPU.ActiveCfg = Release|Any CPU
		{4288A420-5275-AEF1-B49A-ADAB52DE258F}.Release|Any CPU.Build.0 = Release|Any CPU
		{9CF4E023-DDF5-E272-2D91-B0C51F1D1E6B}.Debug|Any CPU.ActiveCfg = Debug|Any CPU
		{9CF4E023-DDF5-E272-2D91-B0C51F1D1E6B}.Debug|Any CPU.Build.0 = Debug|Any CPU
		{9CF4E023-DDF5-E272-2D91-B0C51F1D1E6B}.Release|Any CPU.ActiveCfg = Release|Any CPU
		{9CF4E023-DDF5-E272-2D91-B0C51F1D1E6B}.Release|Any CPU.Build.0 = Release|Any CPU
		{4DB739FE-C440-39E9-B25F-94BE09A20BD1}.Debug|Any CPU.ActiveCfg = Debug|Any CPU
		{4DB739FE-C440-39E9-B25F-94BE09A20BD1}.Debug|Any CPU.Build.0 = Debug|Any CPU
		{4DB739FE-C440-39E9-B25F-94BE09A20BD1}.Release|Any CPU.ActiveCfg = Release|Any CPU
		{4DB739FE-C440-39E9-B25F-94BE09A20BD1}.Release|Any CPU.Build.0 = Release|Any CPU
		{145CCE47-D23F-70D3-A7E9-498BD4488AB0}.Debug|Any CPU.ActiveCfg = Debug|Any CPU
		{145CCE47-D23F-70D3-A7E9-498BD4488AB0}.Debug|Any CPU.Build.0 = Debug|Any CPU
		{145CCE47-D23F-70D3-A7E9-498BD4488AB0}.Release|Any CPU.ActiveCfg = Release|Any CPU
		{145CCE47-D23F-70D3-A7E9-498BD4488AB0}.Release|Any CPU.Build.0 = Release|Any CPU
		{5D4ACA44-4789-384C-853E-F453044FC27F}.Debug|Any CPU.ActiveCfg = Debug|Any CPU
		{5D4ACA44-4789-384C-853E-F453044FC27F}.Debug|Any CPU.Build.0 = Debug|Any CPU
		{5D4ACA44-4789-384C-853E-F453044FC27F}.Release|Any CPU.ActiveCfg = Release|Any CPU
		{5D4ACA44-4789-384C-853E-F453044FC27F}.Release|Any CPU.Build.0 = Release|Any CPU
		{EADF27B0-2127-F323-4D50-DED52E8727AB}.Debug|Any CPU.ActiveCfg = Debug|Any CPU
		{EADF27B0-2127-F323-4D50-DED52E8727AB}.Debug|Any CPU.Build.0 = Debug|Any CPU
		{EADF27B0-2127-F323-4D50-DED52E8727AB}.Release|Any CPU.ActiveCfg = Release|Any CPU
		{EADF27B0-2127-F323-4D50-DED52E8727AB}.Release|Any CPU.Build.0 = Release|Any CPU
		{EC97FABC-7583-A98B-BE07-9C77AD71135D}.Debug|Any CPU.ActiveCfg = Debug|Any CPU
		{EC97FABC-7583-A98B-BE07-9C77AD71135D}.Debug|Any CPU.Build.0 = Debug|Any CPU
		{EC97FABC-7583-A98B-BE07-9C77AD71135D}.Release|Any CPU.ActiveCfg = Release|Any CPU
		{EC97FABC-7583-A98B-BE07-9C77AD71135D}.Release|Any CPU.Build.0 = Release|Any CPU
		{E496AB31-8CB5-5E62-C218-81793D36ED10}.Debug|Any CPU.ActiveCfg = Debug|Any CPU
		{E496AB31-8CB5-5E62-C218-81793D36ED10}.Debug|Any CPU.Build.0 = Debug|Any CPU
		{E496AB31-8CB5-5E62-C218-81793D36ED10}.Release|Any CPU.ActiveCfg = Release|Any CPU
		{E496AB31-8CB5-5E62-C218-81793D36ED10}.Release|Any CPU.Build.0 = Release|Any CPU
		{7EB75FF4-EF45-BA02-8747-2A3AAAC08247}.Debug|Any CPU.ActiveCfg = Debug|Any CPU
		{7EB75FF4-EF45-BA02-8747-2A3AAAC08247}.Debug|Any CPU.Build.0 = Debug|Any CPU
		{7EB75FF4-EF45-BA02-8747-2A3AAAC08247}.Release|Any CPU.ActiveCfg = Release|Any CPU
		{7EB75FF4-EF45-BA02-8747-2A3AAAC08247}.Release|Any CPU.Build.0 = Release|Any CPU
		{90DD19B5-D1D7-5734-51BF-0A067A2E05CB}.Debug|Any CPU.ActiveCfg = Debug|Any CPU
		{90DD19B5-D1D7-5734-51BF-0A067A2E05CB}.Debug|Any CPU.Build.0 = Debug|Any CPU
		{90DD19B5-D1D7-5734-51BF-0A067A2E05CB}.Release|Any CPU.ActiveCfg = Release|Any CPU
		{90DD19B5-D1D7-5734-51BF-0A067A2E05CB}.Release|Any CPU.Build.0 = Release|Any CPU
		{38FE4107-016B-991B-37B7-AF42E1419F1E}.Debug|Any CPU.ActiveCfg = Debug|Any CPU
		{38FE4107-016B-991B-37B7-AF42E1419F1E}.Debug|Any CPU.Build.0 = Debug|Any CPU
		{38FE4107-016B-991B-37B7-AF42E1419F1E}.Release|Any CPU.ActiveCfg = Release|Any CPU
		{38FE4107-016B-991B-37B7-AF42E1419F1E}.Release|Any CPU.Build.0 = Release|Any CPU
		{E68F0BD2-7B03-9136-EB04-318E29D05B88}.Debug|Any CPU.ActiveCfg = Debug|Any CPU
		{E68F0BD2-7B03-9136-EB04-318E29D05B88}.Debug|Any CPU.Build.0 = Debug|Any CPU
		{E68F0BD2-7B03-9136-EB04-318E29D05B88}.Release|Any CPU.ActiveCfg = Release|Any CPU
		{E68F0BD2-7B03-9136-EB04-318E29D05B88}.Release|Any CPU.Build.0 = Release|Any CPU
		{00B7AF7A-A222-76BC-BCB5-64E7301B1089}.Debug|Any CPU.ActiveCfg = Debug|Any CPU
		{00B7AF7A-A222-76BC-BCB5-64E7301B1089}.Debug|Any CPU.Build.0 = Debug|Any CPU
		{00B7AF7A-A222-76BC-BCB5-64E7301B1089}.Release|Any CPU.ActiveCfg = Release|Any CPU
		{00B7AF7A-A222-76BC-BCB5-64E7301B1089}.Release|Any CPU.Build.0 = Release|Any CPU
		{72D28BAD-AD4A-2171-D3BF-FD57295B1FCA}.Debug|Any CPU.ActiveCfg = Debug|Any CPU
		{72D28BAD-AD4A-2171-D3BF-FD57295B1FCA}.Debug|Any CPU.Build.0 = Debug|Any CPU
		{72D28BAD-AD4A-2171-D3BF-FD57295B1FCA}.Release|Any CPU.ActiveCfg = Release|Any CPU
		{72D28BAD-AD4A-2171-D3BF-FD57295B1FCA}.Release|Any CPU.Build.0 = Release|Any CPU
		{0F668A78-83A5-E5C9-E3D0-5691946F39E4}.Debug|Any CPU.ActiveCfg = Debug|Any CPU
		{0F668A78-83A5-E5C9-E3D0-5691946F39E4}.Debug|Any CPU.Build.0 = Debug|Any CPU
		{0F668A78-83A5-E5C9-E3D0-5691946F39E4}.Release|Any CPU.ActiveCfg = Release|Any CPU
		{0F668A78-83A5-E5C9-E3D0-5691946F39E4}.Release|Any CPU.Build.0 = Release|Any CPU
		{125BBFA8-3E75-91F7-2B13-1960B5E85FA1}.Debug|Any CPU.ActiveCfg = Debug|Any CPU
		{125BBFA8-3E75-91F7-2B13-1960B5E85FA1}.Debug|Any CPU.Build.0 = Debug|Any CPU
		{125BBFA8-3E75-91F7-2B13-1960B5E85FA1}.Release|Any CPU.ActiveCfg = Release|Any CPU
		{125BBFA8-3E75-91F7-2B13-1960B5E85FA1}.Release|Any CPU.Build.0 = Release|Any CPU
		{EEF95313-DF45-ABD8-C80A-986D2008FBA9}.Debug|Any CPU.ActiveCfg = Debug|Any CPU
		{EEF95313-DF45-ABD8-C80A-986D2008FBA9}.Debug|Any CPU.Build.0 = Debug|Any CPU
		{EEF95313-DF45-ABD8-C80A-986D2008FBA9}.Release|Any CPU.ActiveCfg = Release|Any CPU
		{EEF95313-DF45-ABD8-C80A-986D2008FBA9}.Release|Any CPU.Build.0 = Release|Any CPU
		{6D173863-5A8E-7726-5C01-29B294F5C9FF}.Debug|Any CPU.ActiveCfg = Debug|Any CPU
		{6D173863-5A8E-7726-5C01-29B294F5C9FF}.Debug|Any CPU.Build.0 = Debug|Any CPU
		{6D173863-5A8E-7726-5C01-29B294F5C9FF}.Release|Any CPU.ActiveCfg = Release|Any CPU
		{6D173863-5A8E-7726-5C01-29B294F5C9FF}.Release|Any CPU.Build.0 = Release|Any CPU
		{E09296F6-0AF6-9C2D-A742-73C856F533AE}.Debug|Any CPU.ActiveCfg = Debug|Any CPU
		{E09296F6-0AF6-9C2D-A742-73C856F533AE}.Debug|Any CPU.Build.0 = Debug|Any CPU
		{E09296F6-0AF6-9C2D-A742-73C856F533AE}.Release|Any CPU.ActiveCfg = Release|Any CPU
		{E09296F6-0AF6-9C2D-A742-73C856F533AE}.Release|Any CPU.Build.0 = Release|Any CPU
		{EEAC9B01-76C5-13EC-28E6-89A674E009DB}.Debug|Any CPU.ActiveCfg = Debug|Any CPU
		{EEAC9B01-76C5-13EC-28E6-89A674E009DB}.Debug|Any CPU.Build.0 = Debug|Any CPU
		{EEAC9B01-76C5-13EC-28E6-89A674E009DB}.Release|Any CPU.ActiveCfg = Release|Any CPU
		{EEAC9B01-76C5-13EC-28E6-89A674E009DB}.Release|Any CPU.Build.0 = Release|Any CPU
		{19A4447D-38C1-4126-E8FC-952E56BE59AA}.Debug|Any CPU.ActiveCfg = Debug|Any CPU
		{19A4447D-38C1-4126-E8FC-952E56BE59AA}.Debug|Any CPU.Build.0 = Debug|Any CPU
		{19A4447D-38C1-4126-E8FC-952E56BE59AA}.Release|Any CPU.ActiveCfg = Release|Any CPU
		{19A4447D-38C1-4126-E8FC-952E56BE59AA}.Release|Any CPU.Build.0 = Release|Any CPU
		{6C59BEAC-E1D5-92CF-613A-59E63045E90A}.Debug|Any CPU.ActiveCfg = Debug|Any CPU
		{6C59BEAC-E1D5-92CF-613A-59E63045E90A}.Debug|Any CPU.Build.0 = Debug|Any CPU
		{6C59BEAC-E1D5-92CF-613A-59E63045E90A}.Release|Any CPU.ActiveCfg = Release|Any CPU
		{6C59BEAC-E1D5-92CF-613A-59E63045E90A}.Release|Any CPU.Build.0 = Release|Any CPU
		{BA857841-624C-B6E2-38E6-E5FCC5FD0C9A}.Debug|Any CPU.ActiveCfg = Debug|Any CPU
		{BA857841-624C-B6E2-38E6-E5FCC5FD0C9A}.Debug|Any CPU.Build.0 = Debug|Any CPU
		{BA857841-624C-B6E2-38E6-E5FCC5FD0C9A}.Release|Any CPU.ActiveCfg = Release|Any CPU
		{BA857841-624C-B6E2-38E6-E5FCC5FD0C9A}.Release|Any CPU.Build.0 = Release|Any CPU
		{82F95EFD-297E-4917-ACB0-8176831DC0C3}.Debug|Any CPU.ActiveCfg = Debug|Any CPU
		{82F95EFD-297E-4917-ACB0-8176831DC0C3}.Debug|Any CPU.Build.0 = Debug|Any CPU
		{82F95EFD-297E-4917-ACB0-8176831DC0C3}.Release|Any CPU.ActiveCfg = Release|Any CPU
		{82F95EFD-297E-4917-ACB0-8176831DC0C3}.Release|Any CPU.Build.0 = Release|Any CPU
	EndGlobalSection
	GlobalSection(SolutionProperties) = preSolution
		HideSolutionNode = FALSE
	EndGlobalSection
	GlobalSection(NestedProjects) = preSolution
		{7D2AD3B6-AF37-49B2-BFC7-F40F8AB7C3FB} = {64A04E1A-DBD4-4B84-B41A-91C0D3C9467E}
		{42FD76D7-AD44-4CBD-B02A-38820F499492} = {64A04E1A-DBD4-4B84-B41A-91C0D3C9467E}
		{F6A3F63B-C30B-45DD-BE3B-315AD67E5C4A} = {64A04E1A-DBD4-4B84-B41A-91C0D3C9467E}
		{1EBAFBD7-DFD4-4BE5-9931-3D02151C4F52} = {64A04E1A-DBD4-4B84-B41A-91C0D3C9467E}
		{4975294B-ACE8-49C2-B217-0FCAD223D865} = {64A04E1A-DBD4-4B84-B41A-91C0D3C9467E}
		{24CB15D8-4453-0FEB-38B5-5AA90CC57A2D} = {4975294B-ACE8-49C2-B217-0FCAD223D865}
		{317B29A8-6FCC-4580-938B-6A203D5D3BB2} = {4975294B-ACE8-49C2-B217-0FCAD223D865}
		{C12745E6-F7CB-F21C-5579-7FDFF334DB8C} = {4975294B-ACE8-49C2-B217-0FCAD223D865}
		{EE3A4BAC-62DD-5F1A-C3A9-38FE517423DE} = {4975294B-ACE8-49C2-B217-0FCAD223D865}
		{F901CA69-5C34-6FA9-AAA9-98EF8F396B9B} = {1EBAFBD7-DFD4-4BE5-9931-3D02151C4F52}
		{4288A420-5275-AEF1-B49A-ADAB52DE258F} = {1EBAFBD7-DFD4-4BE5-9931-3D02151C4F52}
		{9CF4E023-DDF5-E272-2D91-B0C51F1D1E6B} = {1EBAFBD7-DFD4-4BE5-9931-3D02151C4F52}
		{4DB739FE-C440-39E9-B25F-94BE09A20BD1} = {1EBAFBD7-DFD4-4BE5-9931-3D02151C4F52}
		{145CCE47-D23F-70D3-A7E9-498BD4488AB0} = {1EBAFBD7-DFD4-4BE5-9931-3D02151C4F52}
		{5D4ACA44-4789-384C-853E-F453044FC27F} = {7BBE4AB3-8DA5-4C6C-B1B7-22B7991CB5B2}
		{EADF27B0-2127-F323-4D50-DED52E8727AB} = {7BBE4AB3-8DA5-4C6C-B1B7-22B7991CB5B2}
		{EC97FABC-7583-A98B-BE07-9C77AD71135D} = {7BBE4AB3-8DA5-4C6C-B1B7-22B7991CB5B2}
		{E496AB31-8CB5-5E62-C218-81793D36ED10} = {7BBE4AB3-8DA5-4C6C-B1B7-22B7991CB5B2}
		{7EB75FF4-EF45-BA02-8747-2A3AAAC08247} = {7BBE4AB3-8DA5-4C6C-B1B7-22B7991CB5B2}
		{90DD19B5-D1D7-5734-51BF-0A067A2E05CB} = {7BBE4AB3-8DA5-4C6C-B1B7-22B7991CB5B2}
		{38FE4107-016B-991B-37B7-AF42E1419F1E} = {7BBE4AB3-8DA5-4C6C-B1B7-22B7991CB5B2}
		{E68F0BD2-7B03-9136-EB04-318E29D05B88} = {7BBE4AB3-8DA5-4C6C-B1B7-22B7991CB5B2}
		{00B7AF7A-A222-76BC-BCB5-64E7301B1089} = {7BBE4AB3-8DA5-4C6C-B1B7-22B7991CB5B2}
		{72D28BAD-AD4A-2171-D3BF-FD57295B1FCA} = {7BBE4AB3-8DA5-4C6C-B1B7-22B7991CB5B2}
		{0F668A78-83A5-E5C9-E3D0-5691946F39E4} = {7BBE4AB3-8DA5-4C6C-B1B7-22B7991CB5B2}
		{125BBFA8-3E75-91F7-2B13-1960B5E85FA1} = {7BBE4AB3-8DA5-4C6C-B1B7-22B7991CB5B2}
		{EEF95313-DF45-ABD8-C80A-986D2008FBA9} = {7BBE4AB3-8DA5-4C6C-B1B7-22B7991CB5B2}
		{6D173863-5A8E-7726-5C01-29B294F5C9FF} = {7BBE4AB3-8DA5-4C6C-B1B7-22B7991CB5B2}
		{E09296F6-0AF6-9C2D-A742-73C856F533AE} = {43EA6568-696E-4C10-97D3-37173C01E5F5}
		{EEAC9B01-76C5-13EC-28E6-89A674E009DB} = {43EA6568-696E-4C10-97D3-37173C01E5F5}
		{19A4447D-38C1-4126-E8FC-952E56BE59AA} = {43EA6568-696E-4C10-97D3-37173C01E5F5}
		{6C59BEAC-E1D5-92CF-613A-59E63045E90A} = {43EA6568-696E-4C10-97D3-37173C01E5F5}
		{BA857841-624C-B6E2-38E6-E5FCC5FD0C9A} = {43EA6568-696E-4C10-97D3-37173C01E5F5}
		{82F95EFD-297E-4917-ACB0-8176831DC0C3} = {43EA6568-696E-4C10-97D3-37173C01E5F5}
	EndGlobalSection
	GlobalSection(ExtensibilityGlobals) = postSolution
		SolutionGuid = {49AB45C8-355B-425D-B8B6-744B0FE7B77D}
	EndGlobalSection
EndGlobal
