
Microsoft Visual Studio Solution File, Format Version 12.00
# Visual Studio Version 18
VisualStudioVersion = 18.0.11222.15
MinimumVisualStudioVersion = 10.0.40219.1
Project("{FAE04EC0-301F-11D3-BF4B-00C04F79EFBC}") = "RotateMatrix", "..\RotateMatrix\RotateMatrix.csproj", "{57F85F60-DF17-4A18-8710-4D65BD89078B}"
EndProject
Project("{FAE04EC0-301F-11D3-BF4B-00C04F79EFBC}") = "Arrays", "..\Basics\Arrays.csproj", "{2A3C4F8F-0186-40D1-88CC-AFCDBE6F69F1}"
EndProject
Project("{FAE04EC0-301F-11D3-BF4B-00C04F79EFBC}") = "ReverseAString", "..\ReverseAString\ReverseAString.csproj", "{2B6F7C44-EED5-4F7A-BA5F-F1707C23A2BE}"
EndProject
Project("{FAE04EC0-301F-11D3-BF4B-00C04F79EFBC}") = "PalindromeList", "..\PalindromeList\PalindromeList.csproj", "{15B6EB74-D16E-42EF-AEE3-0930335DCFA8}"
EndProject
Project("{FAE04EC0-301F-11D3-BF4B-00C04F79EFBC}") = "MissingNumber", "..\MissingNumber\MissingNumber.csproj", "{4B89F345-7763-4756-B0A1-D8CA9B436585}"
EndProject
Project("{FAE04EC0-301F-11D3-BF4B-00C04F79EFBC}") = "Lists", "..\BasicsLists\Lists.csproj", "{5506B504-D187-4094-BE00-03113A895234}"
EndProject
Project("{FAE04EC0-301F-11D3-BF4B-00C04F79EFBC}") = "BasicsStacks", "..\StacksBasics\BasicsStacks.csproj", "{33C8121E-0573-484B-8127-8870C282F6D0}"
EndProject
Project("{2150E333-8FDC-42A3-9474-1A3956D46DE8}") = "Basics", "Basics", "{7BBE4AB3-8DA5-4C6C-B1B7-22B7991CB5B2}"
EndProject
Project("{FAE04EC0-301F-11D3-BF4B-00C04F79EFBC}") = "Queues", "..\BasicsQueues\Queues.csproj", "{57A08FA6-5595-43AE-AA7E-A20DB5C0536B}"
EndProject
Project("{FAE04EC0-301F-11D3-BF4B-00C04F79EFBC}") = "HashMethods", "..\HashMethods\HashMethods.csproj", "{1C95E31E-6273-466A-8107-1DCEB9CEED85}"
EndProject
Project("{FAE04EC0-301F-11D3-BF4B-00C04F79EFBC}") = "BasicsTree", "..\BasicsTree\BasicsTree.csproj", "{86E23468-92DB-4FB2-B84F-A82F391C59B5}"
EndProject
Project("{FAE04EC0-301F-11D3-BF4B-00C04F79EFBC}") = "ValueTuples", "..\ValueTuples\ValueTuples.csproj", "{4A7FE619-F0B7-4583-BFDA-3287487B96B9}"
EndProject
Project("{FAE04EC0-301F-11D3-BF4B-00C04F79EFBC}") = "Records", "..\Records\Records.csproj", "{82F2A18E-37D7-4E5A-B55E-DAA8AB438412}"
EndProject
Project("{FAE04EC0-301F-11D3-BF4B-00C04F79EFBC}") = "Span", "..\BasicsSpan\Span.csproj", "{469C2CF5-7BCA-4301-AEB6-A277E156A3EA}"
EndProject
Project("{FAE04EC0-301F-11D3-BF4B-00C04F79EFBC}") = "GarbageCollector", "..\GarbageCollector\GarbageCollector.csproj", "{C9A2D2B3-BD79-42D5-A144-3E4E32BA3E64}"
EndProject
Project("{2150E333-8FDC-42A3-9474-1A3956D46DE8}") = "MemoryManagement", "MemoryManagement", "{43EA6568-696E-4C10-97D3-37173C01E5F5}"
EndProject
Project("{2150E333-8FDC-42A3-9474-1A3956D46DE8}") = "Algorithms", "Algorithms", "{64A04E1A-DBD4-4B84-B41A-91C0D3C9467E}"
EndProject
Project("{FAE04EC0-301F-11D3-BF4B-00C04F79EFBC}") = "LineIntersection", "..\LineIntersection\LineIntersection.csproj", "{7D2AD3B6-AF37-49B2-BFC7-F40F8AB7C3FB}"
EndProject
Project("{FAE04EC0-301F-11D3-BF4B-00C04F79EFBC}") = "TwoSum", "..\TwoSum\TwoSum.csproj", "{42FD76D7-AD44-4CBD-B02A-38820F499492}"
EndProject
Project("{FAE04EC0-301F-11D3-BF4B-00C04F79EFBC}") = "MostExistValue", "..\MostExistValue\MostExistValue.csproj", "{F6A3F63B-C30B-45DD-BE3B-315AD67E5C4A}"
EndProject
Project("{FAE04EC0-301F-11D3-BF4B-00C04F79EFBC}") = "PriorityQueue", "..\PriorityQueue\PriorityQueue.csproj", "{D6274173-F633-4515-BF20-92DA82DA6C01}"
EndProject
Project("{FAE04EC0-301F-11D3-BF4B-00C04F79EFBC}") = "ArrayPool", "..\ArrayPool\ArrayPool.csproj", "{FFD0965A-F6AA-4C53-86B6-57C79DB4FA5A}"
EndProject
Project("{FAE04EC0-301F-11D3-BF4B-00C04F79EFBC}") = "HashSet", "..\HashSet\HashSet.csproj", "{50558FEC-0077-4BD1-A376-65F2603D51D6}"
EndProject
Project("{FAE04EC0-301F-11D3-BF4B-00C04F79EFBC}") = "ClosestPairDivideConquer", "..\ClosestPairDivideConquer\ClosestPairDivideConquer.csproj", "{B3097963-04F6-4ADB-BDAF-541E96E294D3}"
EndProject
Project("{FAE04EC0-301F-11D3-BF4B-00C04F79EFBC}") = "ReversingSentence", "..\ReversingSentence\ReversingSentence.csproj", "{42182E85-5152-4DA1-AE8B-5A3006E8360C}"
EndProject
Project("{2150E333-8FDC-42A3-9474-1A3956D46DE8}") = "sorting", "sorting", "{1EBAFBD7-DFD4-4BE5-9931-3D02151C4F52}"
EndProject
Project("{FAE04EC0-301F-11D3-BF4B-00C04F79EFBC}") = "ReverseSentenceInArray", "..\ReverseSentenceInArray\ReverseSentenceInArray.csproj", "{EBD138B8-3C98-4DE5-B301-7D356177C8A7}"
EndProject
Project("{2150E333-8FDC-42A3-9474-1A3956D46DE8}") = "graphs", "graphs", "{4975294B-ACE8-49C2-B217-0FCAD223D865}"
EndProject
Project("{FAE04EC0-301F-11D3-BF4B-00C04F79EFBC}") = "Dictionaries", "..\Dictionaries\Dictionaries.csproj", "{C7DE0209-168E-4EAF-A36B-1F9238D0D057}"
EndProject
Project("{FAE04EC0-301F-11D3-BF4B-00C04F79EFBC}") = "AStar", "graphs\AStar\AStar.csproj", "{24CB15D8-4453-0FEB-38B5-5AA90CC57A2D}"
EndProject
Project("{FAE04EC0-301F-11D3-BF4B-00C04F79EFBC}") = "PermutationPalindromev2", "..\PermutationPalindromev2\PermutationPalindromev2.csproj", "{AFB0C6E1-0C7B-4115-98C7-250A54DC480E}"
EndProject
Project("{FAE04EC0-301F-11D3-BF4B-00C04F79EFBC}") = "BreadthFirstSearch", "graphs\BFS\BreadthFirstSearch.csproj", "{317B29A8-6FCC-4580-938B-6A203D5D3BB2}"
EndProject
Project("{FAE04EC0-301F-11D3-BF4B-00C04F79EFBC}") = "DepthFirstSearch", "graphs\DFS\DepthFirstSearch.csproj", "{C12745E6-F7CB-F21C-5579-7FDFF334DB8C}"
EndProject
Project("{FAE04EC0-301F-11D3-BF4B-00C04F79EFBC}") = "Dijkstra", "graphs\DijkstraAlgorithmSimple\Dijkstra.csproj", "{EE3A4BAC-62DD-5F1A-C3A9-38FE517423DE}"
EndProject
Project("{FAE04EC0-301F-11D3-BF4B-00C04F79EFBC}") = "BubbleSort", "sorting\BubbleSort\BubbleSort.csproj", "{F901CA69-5C34-6FA9-AAA9-98EF8F396B9B}"
EndProject
Project("{FAE04EC0-301F-11D3-BF4B-00C04F79EFBC}") = "HeapSearch", "sorting\HeapSearch\HeapSearch.csproj", "{4288A420-5275-AEF1-B49A-ADAB52DE258F}"
EndProject
Project("{FAE04EC0-301F-11D3-BF4B-00C04F79EFBC}") = "Inserting", "sorting\Inserting\Inserting.csproj", "{9CF4E023-DDF5-E272-2D91-B0C51F1D1E6B}"
EndProject
Project("{FAE04EC0-301F-11D3-BF4B-00C04F79EFBC}") = "MergeSort", "sorting\MergeSort\MergeSort.csproj", "{4DB739FE-C440-39E9-B25F-94BE09A20BD1}"
EndProject
Project("{FAE04EC0-301F-11D3-BF4B-00C04F79EFBC}") = "QuickSort", "sorting\QuickSort\QuickSort.csproj", "{145CCE47-D23F-70D3-A7E9-498BD4488AB0}"
EndProject
Global
	GlobalSection(SolutionConfigurationPlatforms) = preSolution
		Debug|Any CPU = Debug|Any CPU
		Release|Any CPU = Release|Any CPU
	EndGlobalSection
	GlobalSection(ProjectConfigurationPlatforms) = postSolution
		{57F85F60-DF17-4A18-8710-4D65BD89078B}.Debug|Any CPU.ActiveCfg = Debug|Any CPU
		{57F85F60-DF17-4A18-8710-4D65BD89078B}.Debug|Any CPU.Build.0 = Debug|Any CPU
		{57F85F60-DF17-4A18-8710-4D65BD89078B}.Release|Any CPU.ActiveCfg = Release|Any CPU
		{57F85F60-DF17-4A18-8710-4D65BD89078B}.Release|Any CPU.Build.0 = Release|Any CPU
		{2A3C4F8F-0186-40D1-88CC-AFCDBE6F69F1}.Debug|Any CPU.ActiveCfg = Debug|Any CPU
		{2A3C4F8F-0186-40D1-88CC-AFCDBE6F69F1}.Debug|Any CPU.Build.0 = Debug|Any CPU
		{2A3C4F8F-0186-40D1-88CC-AFCDBE6F69F1}.Release|Any CPU.ActiveCfg = Release|Any CPU
		{2A3C4F8F-0186-40D1-88CC-AFCDBE6F69F1}.Release|Any CPU.Build.0 = Release|Any CPU
		{2B6F7C44-EED5-4F7A-BA5F-F1707C23A2BE}.Debug|Any CPU.ActiveCfg = Debug|Any CPU
		{2B6F7C44-EED5-4F7A-BA5F-F1707C23A2BE}.Debug|Any CPU.Build.0 = Debug|Any CPU
		{2B6F7C44-EED5-4F7A-BA5F-F1707C23A2BE}.Release|Any CPU.ActiveCfg = Release|Any CPU
		{2B6F7C44-EED5-4F7A-BA5F-F1707C23A2BE}.Release|Any CPU.Build.0 = Release|Any CPU
		{15B6EB74-D16E-42EF-AEE3-0930335DCFA8}.Debug|Any CPU.ActiveCfg = Debug|Any CPU
		{15B6EB74-D16E-42EF-AEE3-0930335DCFA8}.Debug|Any CPU.Build.0 = Debug|Any CPU
		{15B6EB74-D16E-42EF-AEE3-0930335DCFA8}.Release|Any CPU.ActiveCfg = Release|Any CPU
		{15B6EB74-D16E-42EF-AEE3-0930335DCFA8}.Release|Any CPU.Build.0 = Release|Any CPU
		{4B89F345-7763-4756-B0A1-D8CA9B436585}.Debug|Any CPU.ActiveCfg = Debug|Any CPU
		{4B89F345-7763-4756-B0A1-D8CA9B436585}.Debug|Any CPU.Build.0 = Debug|Any CPU
		{4B89F345-7763-4756-B0A1-D8CA9B436585}.Release|Any CPU.ActiveCfg = Release|Any CPU
		{4B89F345-7763-4756-B0A1-D8CA9B436585}.Release|Any CPU.Build.0 = Release|Any CPU
		{5506B504-D187-4094-BE00-03113A895234}.Debug|Any CPU.ActiveCfg = Debug|Any CPU
		{5506B504-D187-4094-BE00-03113A895234}.Debug|Any CPU.Build.0 = Debug|Any CPU
		{5506B504-D187-4094-BE00-03113A895234}.Release|Any CPU.ActiveCfg = Release|Any CPU
		{5506B504-D187-4094-BE00-03113A895234}.Release|Any CPU.Build.0 = Release|Any CPU
		{33C8121E-0573-484B-8127-8870C282F6D0}.Debug|Any CPU.ActiveCfg = Debug|Any CPU
		{33C8121E-0573-484B-8127-8870C282F6D0}.Debug|Any CPU.Build.0 = Debug|Any CPU
		{33C8121E-0573-484B-8127-8870C282F6D0}.Release|Any CPU.ActiveCfg = Release|Any CPU
		{33C8121E-0573-484B-8127-8870C282F6D0}.Release|Any CPU.Build.0 = Release|Any CPU
		{57A08FA6-5595-43AE-AA7E-A20DB5C0536B}.Debug|Any CPU.ActiveCfg = Debug|Any CPU
		{57A08FA6-5595-43AE-AA7E-A20DB5C0536B}.Debug|Any CPU.Build.0 = Debug|Any CPU
		{57A08FA6-5595-43AE-AA7E-A20DB5C0536B}.Release|Any CPU.ActiveCfg = Release|Any CPU
		{57A08FA6-5595-43AE-AA7E-A20DB5C0536B}.Release|Any CPU.Build.0 = Release|Any CPU
		{1C95E31E-6273-466A-8107-1DCEB9CEED85}.Debug|Any CPU.ActiveCfg = Debug|Any CPU
		{1C95E31E-6273-466A-8107-1DCEB9CEED85}.Debug|Any CPU.Build.0 = Debug|Any CPU
		{1C95E31E-6273-466A-8107-1DCEB9CEED85}.Release|Any CPU.ActiveCfg = Release|Any CPU
		{1C95E31E-6273-466A-8107-1DCEB9CEED85}.Release|Any CPU.Build.0 = Release|Any CPU
		{86E23468-92DB-4FB2-B84F-A82F391C59B5}.Debug|Any CPU.ActiveCfg = Debug|Any CPU
		{86E23468-92DB-4FB2-B84F-A82F391C59B5}.Debug|Any CPU.Build.0 = Debug|Any CPU
		{86E23468-92DB-4FB2-B84F-A82F391C59B5}.Release|Any CPU.ActiveCfg = Release|Any CPU
		{86E23468-92DB-4FB2-B84F-A82F391C59B5}.Release|Any CPU.Build.0 = Release|Any CPU
		{4A7FE619-F0B7-4583-BFDA-3287487B96B9}.Debug|Any CPU.ActiveCfg = Debug|Any CPU
		{4A7FE619-F0B7-4583-BFDA-3287487B96B9}.Debug|Any CPU.Build.0 = Debug|Any CPU
		{4A7FE619-F0B7-4583-BFDA-3287487B96B9}.Release|Any CPU.ActiveCfg = Release|Any CPU
		{4A7FE619-F0B7-4583-BFDA-3287487B96B9}.Release|Any CPU.Build.0 = Release|Any CPU
		{82F2A18E-37D7-4E5A-B55E-DAA8AB438412}.Debug|Any CPU.ActiveCfg = Debug|Any CPU
		{82F2A18E-37D7-4E5A-B55E-DAA8AB438412}.Debug|Any CPU.Build.0 = Debug|Any CPU
		{82F2A18E-37D7-4E5A-B55E-DAA8AB438412}.Release|Any CPU.ActiveCfg = Release|Any CPU
		{82F2A18E-37D7-4E5A-B55E-DAA8AB438412}.Release|Any CPU.Build.0 = Release|Any CPU
		{469C2CF5-7BCA-4301-AEB6-A277E156A3EA}.Debug|Any CPU.ActiveCfg = Debug|Any CPU
		{469C2CF5-7BCA-4301-AEB6-A277E156A3EA}.Debug|Any CPU.Build.0 = Debug|Any CPU
		{469C2CF5-7BCA-4301-AEB6-A277E156A3EA}.Release|Any CPU.ActiveCfg = Release|Any CPU
		{469C2CF5-7BCA-4301-AEB6-A277E156A3EA}.Release|Any CPU.Build.0 = Release|Any CPU
		{C9A2D2B3-BD79-42D5-A144-3E4E32BA3E64}.Debug|Any CPU.ActiveCfg = Debug|Any CPU
		{C9A2D2B3-BD79-42D5-A144-3E4E32BA3E64}.Debug|Any CPU.Build.0 = Debug|Any CPU
		{C9A2D2B3-BD79-42D5-A144-3E4E32BA3E64}.Release|Any CPU.ActiveCfg = Release|Any CPU
		{C9A2D2B3-BD79-42D5-A144-3E4E32BA3E64}.Release|Any CPU.Build.0 = Release|Any CPU
		{7D2AD3B6-AF37-49B2-BFC7-F40F8AB7C3FB}.Debug|Any CPU.ActiveCfg = Debug|Any CPU
		{7D2AD3B6-AF37-49B2-BFC7-F40F8AB7C3FB}.Debug|Any CPU.Build.0 = Debug|Any CPU
		{7D2AD3B6-AF37-49B2-BFC7-F40F8AB7C3FB}.Release|Any CPU.ActiveCfg = Release|Any CPU
		{7D2AD3B6-AF37-49B2-BFC7-F40F8AB7C3FB}.Release|Any CPU.Build.0 = Release|Any CPU
		{42FD76D7-AD44-4CBD-B02A-38820F499492}.Debug|Any CPU.ActiveCfg = Debug|Any CPU
		{42FD76D7-AD44-4CBD-B02A-38820F499492}.Debug|Any CPU.Build.0 = Debug|Any CPU
		{42FD76D7-AD44-4CBD-B02A-38820F499492}.Release|Any CPU.ActiveCfg = Release|Any CPU
		{42FD76D7-AD44-4CBD-B02A-38820F499492}.Release|Any CPU.Build.0 = Release|Any CPU
		{F6A3F63B-C30B-45DD-BE3B-315AD67E5C4A}.Debug|Any CPU.ActiveCfg = Debug|Any CPU
		{F6A3F63B-C30B-45DD-BE3B-315AD67E5C4A}.Debug|Any CPU.Build.0 = Debug|Any CPU
		{F6A3F63B-C30B-45DD-BE3B-315AD67E5C4A}.Release|Any CPU.ActiveCfg = Release|Any CPU
		{F6A3F63B-C30B-45DD-BE3B-315AD67E5C4A}.Release|Any CPU.Build.0 = Release|Any CPU
		{D6274173-F633-4515-BF20-92DA82DA6C01}.Debug|Any CPU.ActiveCfg = Debug|Any CPU
		{D6274173-F633-4515-BF20-92DA82DA6C01}.Debug|Any CPU.Build.0 = Debug|Any CPU
		{D6274173-F633-4515-BF20-92DA82DA6C01}.Release|Any CPU.ActiveCfg = Release|Any CPU
		{D6274173-F633-4515-BF20-92DA82DA6C01}.Release|Any CPU.Build.0 = Release|Any CPU
		{FFD0965A-F6AA-4C53-86B6-57C79DB4FA5A}.Debug|Any CPU.ActiveCfg = Debug|Any CPU
		{FFD0965A-F6AA-4C53-86B6-57C79DB4FA5A}.Debug|Any CPU.Build.0 = Debug|Any CPU
		{FFD0965A-F6AA-4C53-86B6-57C79DB4FA5A}.Release|Any CPU.ActiveCfg = Release|Any CPU
		{FFD0965A-F6AA-4C53-86B6-57C79DB4FA5A}.Release|Any CPU.Build.0 = Release|Any CPU
		{50558FEC-0077-4BD1-A376-65F2603D51D6}.Debug|Any CPU.ActiveCfg = Debug|Any CPU
		{50558FEC-0077-4BD1-A376-65F2603D51D6}.Debug|Any CPU.Build.0 = Debug|Any CPU
		{50558FEC-0077-4BD1-A376-65F2603D51D6}.Release|Any CPU.ActiveCfg = Release|Any CPU
		{50558FEC-0077-4BD1-A376-65F2603D51D6}.Release|Any CPU.Build.0 = Release|Any CPU
		{B3097963-04F6-4ADB-BDAF-541E96E294D3}.Debug|Any CPU.ActiveCfg = Debug|Any CPU
		{B3097963-04F6-4ADB-BDAF-541E96E294D3}.Debug|Any CPU.Build.0 = Debug|Any CPU
		{B3097963-04F6-4ADB-BDAF-541E96E294D3}.Release|Any CPU.ActiveCfg = Release|Any CPU
		{B3097963-04F6-4ADB-BDAF-541E96E294D3}.Release|Any CPU.Build.0 = Release|Any CPU
		{42182E85-5152-4DA1-AE8B-5A3006E8360C}.Debug|Any CPU.ActiveCfg = Debug|Any CPU
		{42182E85-5152-4DA1-AE8B-5A3006E8360C}.Debug|Any CPU.Build.0 = Debug|Any CPU
		{42182E85-5152-4DA1-AE8B-5A3006E8360C}.Release|Any CPU.ActiveCfg = Release|Any CPU
		{42182E85-5152-4DA1-AE8B-5A3006E8360C}.Release|Any CPU.Build.0 = Release|Any CPU
		{EBD138B8-3C98-4DE5-B301-7D356177C8A7}.Debug|Any CPU.ActiveCfg = Debug|Any CPU
		{EBD138B8-3C98-4DE5-B301-7D356177C8A7}.Debug|Any CPU.Build.0 = Debug|Any CPU
		{EBD138B8-3C98-4DE5-B301-7D356177C8A7}.Release|Any CPU.ActiveCfg = Release|Any CPU
		{EBD138B8-3C98-4DE5-B301-7D356177C8A7}.Release|Any CPU.Build.0 = Release|Any CPU
		{C7DE0209-168E-4EAF-A36B-1F9238D0D057}.Debug|Any CPU.ActiveCfg = Debug|Any CPU
		{C7DE0209-168E-4EAF-A36B-1F9238D0D057}.Debug|Any CPU.Build.0 = Debug|Any CPU
		{C7DE0209-168E-4EAF-A36B-1F9238D0D057}.Release|Any CPU.ActiveCfg = Release|Any CPU
		{C7DE0209-168E-4EAF-A36B-1F9238D0D057}.Release|Any CPU.Build.0 = Release|Any CPU
		{24CB15D8-4453-0FEB-38B5-5AA90CC57A2D}.Debug|Any CPU.ActiveCfg = Debug|Any CPU
		{24CB15D8-4453-0FEB-38B5-5AA90CC57A2D}.Debug|Any CPU.Build.0 = Debug|Any CPU
		{24CB15D8-4453-0FEB-38B5-5AA90CC57A2D}.Release|Any CPU.ActiveCfg = Release|Any CPU
		{24CB15D8-4453-0FEB-38B5-5AA90CC57A2D}.Release|Any CPU.Build.0 = Release|Any CPU
		{AFB0C6E1-0C7B-4115-98C7-250A54DC480E}.Debug|Any CPU.ActiveCfg = Debug|Any CPU
		{AFB0C6E1-0C7B-4115-98C7-250A54DC480E}.Debug|Any CPU.Build.0 = Debug|Any CPU
		{AFB0C6E1-0C7B-4115-98C7-250A54DC480E}.Release|Any CPU.ActiveCfg = Release|Any CPU
		{AFB0C6E1-0C7B-4115-98C7-250A54DC480E}.Release|Any CPU.Build.0 = Release|Any CPU
		{317B29A8-6FCC-4580-938B-6A203D5D3BB2}.Debug|Any CPU.ActiveCfg = Debug|Any CPU
		{317B29A8-6FCC-4580-938B-6A203D5D3BB2}.Debug|Any CPU.Build.0 = Debug|Any CPU
		{317B29A8-6FCC-4580-938B-6A203D5D3BB2}.Release|Any CPU.ActiveCfg = Release|Any CPU
		{317B29A8-6FCC-4580-938B-6A203D5D3BB2}.Release|Any CPU.Build.0 = Release|Any CPU
		{C12745E6-F7CB-F21C-5579-7FDFF334DB8C}.Debug|Any CPU.ActiveCfg = Debug|Any CPU
		{C12745E6-F7CB-F21C-5579-7FDFF334DB8C}.Debug|Any CPU.Build.0 = Debug|Any CPU
		{C12745E6-F7CB-F21C-5579-7FDFF334DB8C}.Release|Any CPU.ActiveCfg = Release|Any CPU
		{C12745E6-F7CB-F21C-5579-7FDFF334DB8C}.Release|Any CPU.Build.0 = Release|Any CPU
		{EE3A4BAC-62DD-5F1A-C3A9-38FE517423DE}.Debug|Any CPU.ActiveCfg = Debug|Any CPU
		{EE3A4BAC-62DD-5F1A-C3A9-38FE517423DE}.Debug|Any CPU.Build.0 = Debug|Any CPU
		{EE3A4BAC-62DD-5F1A-C3A9-38FE517423DE}.Release|Any CPU.ActiveCfg = Release|Any CPU
		{EE3A4BAC-62DD-5F1A-C3A9-38FE517423DE}.Release|Any CPU.Build.0 = Release|Any CPU
		{F901CA69-5C34-6FA9-AAA9-98EF8F396B9B}.Debug|Any CPU.ActiveCfg = Debug|Any CPU
		{F901CA69-5C34-6FA9-AAA9-98EF8F396B9B}.Debug|Any CPU.Build.0 = Debug|Any CPU
		{F901CA69-5C34-6FA9-AAA9-98EF8F396B9B}.Release|Any CPU.ActiveCfg = Release|Any CPU
		{F901CA69-5C34-6FA9-AAA9-98EF8F396B9B}.Release|Any CPU.Build.0 = Release|Any CPU
		{4288A420-5275-AEF1-B49A-ADAB52DE258F}.Debug|Any CPU.ActiveCfg = Debug|Any CPU
		{4288A420-5275-AEF1-B49A-ADAB52DE258F}.Debug|Any CPU.Build.0 = Debug|Any CPU
		{4288A420-5275-AEF1-B49A-ADAB52DE258F}.Release|Any CPU.ActiveCfg = Release|Any CPU
		{4288A420-5275-AEF1-B49A-ADAB52DE258F}.Release|Any CPU.Build.0 = Release|Any CPU
		{9CF4E023-DDF5-E272-2D91-B0C51F1D1E6B}.Debug|Any CPU.ActiveCfg = Debug|Any CPU
		{9CF4E023-DDF5-E272-2D91-B0C51F1D1E6B}.Debug|Any CPU.Build.0 = Debug|Any CPU
		{9CF4E023-DDF5-E272-2D91-B0C51F1D1E6B}.Release|Any CPU.ActiveCfg = Release|Any CPU
		{9CF4E023-DDF5-E272-2D91-B0C51F1D1E6B}.Release|Any CPU.Build.0 = Release|Any CPU
		{4DB739FE-C440-39E9-B25F-94BE09A20BD1}.Debug|Any CPU.ActiveCfg = Debug|Any CPU
		{4DB739FE-C440-39E9-B25F-94BE09A20BD1}.Debug|Any CPU.Build.0 = Debug|Any CPU
		{4DB739FE-C440-39E9-B25F-94BE09A20BD1}.Release|Any CPU.ActiveCfg = Release|Any CPU
		{4DB739FE-C440-39E9-B25F-94BE09A20BD1}.Release|Any CPU.Build.0 = Release|Any CPU
		{145CCE47-D23F-70D3-A7E9-498BD4488AB0}.Debug|Any CPU.ActiveCfg = Debug|Any CPU
		{145CCE47-D23F-70D3-A7E9-498BD4488AB0}.Debug|Any CPU.Build.0 = Debug|Any CPU
		{145CCE47-D23F-70D3-A7E9-498BD4488AB0}.Release|Any CPU.ActiveCfg = Release|Any CPU
		{145CCE47-D23F-70D3-A7E9-498BD4488AB0}.Release|Any CPU.Build.0 = Release|Any CPU
	EndGlobalSection
	GlobalSection(SolutionProperties) = preSolution
		HideSolutionNode = FALSE
	EndGlobalSection
	GlobalSection(NestedProjects) = preSolution
		{2A3C4F8F-0186-40D1-88CC-AFCDBE6F69F1} = {7BBE4AB3-8DA5-4C6C-B1B7-22B7991CB5B2}
		{5506B504-D187-4094-BE00-03113A895234} = {7BBE4AB3-8DA5-4C6C-B1B7-22B7991CB5B2}
		{33C8121E-0573-484B-8127-8870C282F6D0} = {7BBE4AB3-8DA5-4C6C-B1B7-22B7991CB5B2}
		{57A08FA6-5595-43AE-AA7E-A20DB5C0536B} = {7BBE4AB3-8DA5-4C6C-B1B7-22B7991CB5B2}
		{1C95E31E-6273-466A-8107-1DCEB9CEED85} = {7BBE4AB3-8DA5-4C6C-B1B7-22B7991CB5B2}
		{86E23468-92DB-4FB2-B84F-A82F391C59B5} = {7BBE4AB3-8DA5-4C6C-B1B7-22B7991CB5B2}
		{4A7FE619-F0B7-4583-BFDA-3287487B96B9} = {7BBE4AB3-8DA5-4C6C-B1B7-22B7991CB5B2}
		{82F2A18E-37D7-4E5A-B55E-DAA8AB438412} = {7BBE4AB3-8DA5-4C6C-B1B7-22B7991CB5B2}
		{469C2CF5-7BCA-4301-AEB6-A277E156A3EA} = {7BBE4AB3-8DA5-4C6C-B1B7-22B7991CB5B2}
		{C9A2D2B3-BD79-42D5-A144-3E4E32BA3E64} = {7BBE4AB3-8DA5-4C6C-B1B7-22B7991CB5B2}
		{7D2AD3B6-AF37-49B2-BFC7-F40F8AB7C3FB} = {64A04E1A-DBD4-4B84-B41A-91C0D3C9467E}
		{42FD76D7-AD44-4CBD-B02A-38820F499492} = {64A04E1A-DBD4-4B84-B41A-91C0D3C9467E}
		{F6A3F63B-C30B-45DD-BE3B-315AD67E5C4A} = {64A04E1A-DBD4-4B84-B41A-91C0D3C9467E}
		{D6274173-F633-4515-BF20-92DA82DA6C01} = {7BBE4AB3-8DA5-4C6C-B1B7-22B7991CB5B2}
		{FFD0965A-F6AA-4C53-86B6-57C79DB4FA5A} = {7BBE4AB3-8DA5-4C6C-B1B7-22B7991CB5B2}
		{50558FEC-0077-4BD1-A376-65F2603D51D6} = {7BBE4AB3-8DA5-4C6C-B1B7-22B7991CB5B2}
		{1EBAFBD7-DFD4-4BE5-9931-3D02151C4F52} = {64A04E1A-DBD4-4B84-B41A-91C0D3C9467E}
		{4975294B-ACE8-49C2-B217-0FCAD223D865} = {64A04E1A-DBD4-4B84-B41A-91C0D3C9467E}
		{C7DE0209-168E-4EAF-A36B-1F9238D0D057} = {7BBE4AB3-8DA5-4C6C-B1B7-22B7991CB5B2}
		{24CB15D8-4453-0FEB-38B5-5AA90CC57A2D} = {4975294B-ACE8-49C2-B217-0FCAD223D865}
		{317B29A8-6FCC-4580-938B-6A203D5D3BB2} = {4975294B-ACE8-49C2-B217-0FCAD223D865}
		{C12745E6-F7CB-F21C-5579-7FDFF334DB8C} = {4975294B-ACE8-49C2-B217-0FCAD223D865}
		{EE3A4BAC-62DD-5F1A-C3A9-38FE517423DE} = {4975294B-ACE8-49C2-B217-0FCAD223D865}
		{F901CA69-5C34-6FA9-AAA9-98EF8F396B9B} = {1EBAFBD7-DFD4-4BE5-9931-3D02151C4F52}
		{4288A420-5275-AEF1-B49A-ADAB52DE258F} = {1EBAFBD7-DFD4-4BE5-9931-3D02151C4F52}
		{9CF4E023-DDF5-E272-2D91-B0C51F1D1E6B} = {1EBAFBD7-DFD4-4BE5-9931-3D02151C4F52}
		{4DB739FE-C440-39E9-B25F-94BE09A20BD1} = {1EBAFBD7-DFD4-4BE5-9931-3D02151C4F52}
		{145CCE47-D23F-70D3-A7E9-498BD4488AB0} = {1EBAFBD7-DFD4-4BE5-9931-3D02151C4F52}
	EndGlobalSection
	GlobalSection(ExtensibilityGlobals) = postSolution
		SolutionGuid = {49AB45C8-355B-425D-B8B6-744B0FE7B77D}
	EndGlobalSection
EndGlobal
