
Microsoft Visual Studio Solution File, Format Version 12.00
# Visual Studio Version 17
VisualStudioVersion = 17.12.35506.116 d17.12
MinimumVisualStudioVersion = 10.0.40219.1
Project("{FAE04EC0-301F-11D3-BF4B-00C04F79EFBC}") = "PermutationPalindrome", "PermutationPalindrome.csproj", "{9F4637D6-7D17-47E0-BD93-D9E97F780250}"
EndProject
Project("{FAE04EC0-301F-11D3-BF4B-00C04F79EFBC}") = "RotateMatrix", "..\RotateMatrix\RotateMatrix.csproj", "{57F85F60-DF17-4A18-8710-4D65BD89078B}"
EndProject
Project("{FAE04EC0-301F-11D3-BF4B-00C04F79EFBC}") = "Arrays", "..\Basics\Arrays.csproj", "{2A3C4F8F-0186-40D1-88CC-AFCDBE6F69F1}"
EndProject
Project("{FAE04EC0-301F-11D3-BF4B-00C04F79EFBC}") = "MergeSort", "..\MergeSort\MergeSort.csproj", "{3CC95C92-C64F-4BC0-96FF-66EA2CBD7D6D}"
EndProject
Project("{FAE04EC0-301F-11D3-BF4B-00C04F79EFBC}") = "QuickSort", "..\QuickSort\QuickSort.csproj", "{8B92B556-4D52-45F7-A183-372B8376536B}"
EndProject
Project("{FAE04EC0-301F-11D3-BF4B-00C04F79EFBC}") = "DijstraAlgorithm", "..\DijstraAlgorithm\DijstraAlgorithm.csproj", "{125419AD-8E6C-4CA5-9108-17FB0A7B14A9}"
EndProject
Project("{FAE04EC0-301F-11D3-BF4B-00C04F79EFBC}") = "Fibonacci", "..\Fibonacci\Fibonacci.csproj", "{9D26CC13-8942-442C-BA97-01DBC05CCE35}"
EndProject
Project("{FAE04EC0-301F-11D3-BF4B-00C04F79EFBC}") = "ReverseAString", "..\ReverseAString\ReverseAString.csproj", "{2B6F7C44-EED5-4F7A-BA5F-F1707C23A2BE}"
EndProject
Project("{FAE04EC0-301F-11D3-BF4B-00C04F79EFBC}") = "DivideAndConquer", "..\DivideAndConquer\DivideAndConquer.csproj", "{B73A75E9-66BF-4E12-A358-F07B4D7E92A9}"
EndProject
Project("{FAE04EC0-301F-11D3-BF4B-00C04F79EFBC}") = "PalindromeList", "..\PalindromeList\PalindromeList.csproj", "{15B6EB74-D16E-42EF-AEE3-0930335DCFA8}"
EndProject
Project("{FAE04EC0-301F-11D3-BF4B-00C04F79EFBC}") = "MissingNumber", "..\MissingNumber\MissingNumber.csproj", "{4B89F345-7763-4756-B0A1-D8CA9B436585}"
EndProject
Project("{FAE04EC0-301F-11D3-BF4B-00C04F79EFBC}") = "Lists", "..\BasicsLists\Lists.csproj", "{5506B504-D187-4094-BE00-03113A895234}"
EndProject
Project("{FAE04EC0-301F-11D3-BF4B-00C04F79EFBC}") = "BasicsStacks", "..\StacksBasics\BasicsStacks.csproj", "{33C8121E-0573-484B-8127-8870C282F6D0}"
EndProject
Project("{2150E333-8FDC-42A3-9474-1A3956D46DE8}") = "Basics", "Basics", "{7BBE4AB3-8DA5-4C6C-B1B7-22B7991CB5B2}"
EndProject
Project("{FAE04EC0-301F-11D3-BF4B-00C04F79EFBC}") = "Queues", "..\BasicsQueues\Queues.csproj", "{57A08FA6-5595-43AE-AA7E-A20DB5C0536B}"
EndProject
Project("{FAE04EC0-301F-11D3-BF4B-00C04F79EFBC}") = "HashMethods", "..\HashMethods\HashMethods.csproj", "{1C95E31E-6273-466A-8107-1DCEB9CEED85}"
EndProject
Project("{FAE04EC0-301F-11D3-BF4B-00C04F79EFBC}") = "BasicsTree", "..\BasicsTree\BasicsTree.csproj", "{86E23468-92DB-4FB2-B84F-A82F391C59B5}"
EndProject
Project("{FAE04EC0-301F-11D3-BF4B-00C04F79EFBC}") = "ValueTuples", "..\ValueTuples\ValueTuples.csproj", "{4A7FE619-F0B7-4583-BFDA-3287487B96B9}"
EndProject
Project("{FAE04EC0-301F-11D3-BF4B-00C04F79EFBC}") = "Records", "..\Records\Records.csproj", "{82F2A18E-37D7-4E5A-B55E-DAA8AB438412}"
EndProject
Project("{FAE04EC0-301F-11D3-BF4B-00C04F79EFBC}") = "Span", "..\BasicsSpan\Span.csproj", "{469C2CF5-7BCA-4301-AEB6-A277E156A3EA}"
EndProject
Project("{FAE04EC0-301F-11D3-BF4B-00C04F79EFBC}") = "GarbageCollector", "..\GarbageCollector\GarbageCollector.csproj", "{C9A2D2B3-BD79-42D5-A144-3E4E32BA3E64}"
EndProject
Project("{FAE04EC0-301F-11D3-BF4B-00C04F79EFBC}") = "MemoryPerformance", "..\MemoryPerformance\MemoryPerformance.csproj", "{E1536A75-F254-470A-B570-1991916CEE6B}"
EndProject
Project("{2150E333-8FDC-42A3-9474-1A3956D46DE8}") = "MemoryManagement", "MemoryManagement", "{43EA6568-696E-4C10-97D3-37173C01E5F5}"
EndProject
Global
	GlobalSection(SolutionConfigurationPlatforms) = preSolution
		Debug|Any CPU = Debug|Any CPU
		Release|Any CPU = Release|Any CPU
	EndGlobalSection
	GlobalSection(ProjectConfigurationPlatforms) = postSolution
		{9F4637D6-7D17-47E0-BD93-D9E97F780250}.Debug|Any CPU.ActiveCfg = Debug|Any CPU
		{9F4637D6-7D17-47E0-BD93-D9E97F780250}.Debug|Any CPU.Build.0 = Debug|Any CPU
		{9F4637D6-7D17-47E0-BD93-D9E97F780250}.Release|Any CPU.ActiveCfg = Release|Any CPU
		{9F4637D6-7D17-47E0-BD93-D9E97F780250}.Release|Any CPU.Build.0 = Release|Any CPU
		{57F85F60-DF17-4A18-8710-4D65BD89078B}.Debug|Any CPU.ActiveCfg = Debug|Any CPU
		{57F85F60-DF17-4A18-8710-4D65BD89078B}.Debug|Any CPU.Build.0 = Debug|Any CPU
		{57F85F60-DF17-4A18-8710-4D65BD89078B}.Release|Any CPU.ActiveCfg = Release|Any CPU
		{57F85F60-DF17-4A18-8710-4D65BD89078B}.Release|Any CPU.Build.0 = Release|Any CPU
		{2A3C4F8F-0186-40D1-88CC-AFCDBE6F69F1}.Debug|Any CPU.ActiveCfg = Debug|Any CPU
		{2A3C4F8F-0186-40D1-88CC-AFCDBE6F69F1}.Debug|Any CPU.Build.0 = Debug|Any CPU
		{2A3C4F8F-0186-40D1-88CC-AFCDBE6F69F1}.Release|Any CPU.ActiveCfg = Release|Any CPU
		{2A3C4F8F-0186-40D1-88CC-AFCDBE6F69F1}.Release|Any CPU.Build.0 = Release|Any CPU
		{3CC95C92-C64F-4BC0-96FF-66EA2CBD7D6D}.Debug|Any CPU.ActiveCfg = Debug|Any CPU
		{3CC95C92-C64F-4BC0-96FF-66EA2CBD7D6D}.Debug|Any CPU.Build.0 = Debug|Any CPU
		{3CC95C92-C64F-4BC0-96FF-66EA2CBD7D6D}.Release|Any CPU.ActiveCfg = Release|Any CPU
		{3CC95C92-C64F-4BC0-96FF-66EA2CBD7D6D}.Release|Any CPU.Build.0 = Release|Any CPU
		{8B92B556-4D52-45F7-A183-372B8376536B}.Debug|Any CPU.ActiveCfg = Debug|Any CPU
		{8B92B556-4D52-45F7-A183-372B8376536B}.Debug|Any CPU.Build.0 = Debug|Any CPU
		{8B92B556-4D52-45F7-A183-372B8376536B}.Release|Any CPU.ActiveCfg = Release|Any CPU
		{8B92B556-4D52-45F7-A183-372B8376536B}.Release|Any CPU.Build.0 = Release|Any CPU
		{125419AD-8E6C-4CA5-9108-17FB0A7B14A9}.Debug|Any CPU.ActiveCfg = Debug|Any CPU
		{125419AD-8E6C-4CA5-9108-17FB0A7B14A9}.Debug|Any CPU.Build.0 = Debug|Any CPU
		{125419AD-8E6C-4CA5-9108-17FB0A7B14A9}.Release|Any CPU.ActiveCfg = Release|Any CPU
		{125419AD-8E6C-4CA5-9108-17FB0A7B14A9}.Release|Any CPU.Build.0 = Release|Any CPU
		{9D26CC13-8942-442C-BA97-01DBC05CCE35}.Debug|Any CPU.ActiveCfg = Debug|Any CPU
		{9D26CC13-8942-442C-BA97-01DBC05CCE35}.Debug|Any CPU.Build.0 = Debug|Any CPU
		{9D26CC13-8942-442C-BA97-01DBC05CCE35}.Release|Any CPU.ActiveCfg = Release|Any CPU
		{9D26CC13-8942-442C-BA97-01DBC05CCE35}.Release|Any CPU.Build.0 = Release|Any CPU
		{2B6F7C44-EED5-4F7A-BA5F-F1707C23A2BE}.Debug|Any CPU.ActiveCfg = Debug|Any CPU
		{2B6F7C44-EED5-4F7A-BA5F-F1707C23A2BE}.Debug|Any CPU.Build.0 = Debug|Any CPU
		{2B6F7C44-EED5-4F7A-BA5F-F1707C23A2BE}.Release|Any CPU.ActiveCfg = Release|Any CPU
		{2B6F7C44-EED5-4F7A-BA5F-F1707C23A2BE}.Release|Any CPU.Build.0 = Release|Any CPU
		{B73A75E9-66BF-4E12-A358-F07B4D7E92A9}.Debug|Any CPU.ActiveCfg = Debug|Any CPU
		{B73A75E9-66BF-4E12-A358-F07B4D7E92A9}.Debug|Any CPU.Build.0 = Debug|Any CPU
		{B73A75E9-66BF-4E12-A358-F07B4D7E92A9}.Release|Any CPU.ActiveCfg = Release|Any CPU
		{B73A75E9-66BF-4E12-A358-F07B4D7E92A9}.Release|Any CPU.Build.0 = Release|Any CPU
		{15B6EB74-D16E-42EF-AEE3-0930335DCFA8}.Debug|Any CPU.ActiveCfg = Debug|Any CPU
		{15B6EB74-D16E-42EF-AEE3-0930335DCFA8}.Debug|Any CPU.Build.0 = Debug|Any CPU
		{15B6EB74-D16E-42EF-AEE3-0930335DCFA8}.Release|Any CPU.ActiveCfg = Release|Any CPU
		{15B6EB74-D16E-42EF-AEE3-0930335DCFA8}.Release|Any CPU.Build.0 = Release|Any CPU
		{4B89F345-7763-4756-B0A1-D8CA9B436585}.Debug|Any CPU.ActiveCfg = Debug|Any CPU
		{4B89F345-7763-4756-B0A1-D8CA9B436585}.Debug|Any CPU.Build.0 = Debug|Any CPU
		{4B89F345-7763-4756-B0A1-D8CA9B436585}.Release|Any CPU.ActiveCfg = Release|Any CPU
		{4B89F345-7763-4756-B0A1-D8CA9B436585}.Release|Any CPU.Build.0 = Release|Any CPU
		{5506B504-D187-4094-BE00-03113A895234}.Debug|Any CPU.ActiveCfg = Debug|Any CPU
		{5506B504-D187-4094-BE00-03113A895234}.Debug|Any CPU.Build.0 = Debug|Any CPU
		{5506B504-D187-4094-BE00-03113A895234}.Release|Any CPU.ActiveCfg = Release|Any CPU
		{5506B504-D187-4094-BE00-03113A895234}.Release|Any CPU.Build.0 = Release|Any CPU
		{33C8121E-0573-484B-8127-8870C282F6D0}.Debug|Any CPU.ActiveCfg = Debug|Any CPU
		{33C8121E-0573-484B-8127-8870C282F6D0}.Debug|Any CPU.Build.0 = Debug|Any CPU
		{33C8121E-0573-484B-8127-8870C282F6D0}.Release|Any CPU.ActiveCfg = Release|Any CPU
		{33C8121E-0573-484B-8127-8870C282F6D0}.Release|Any CPU.Build.0 = Release|Any CPU
		{57A08FA6-5595-43AE-AA7E-A20DB5C0536B}.Debug|Any CPU.ActiveCfg = Debug|Any CPU
		{57A08FA6-5595-43AE-AA7E-A20DB5C0536B}.Debug|Any CPU.Build.0 = Debug|Any CPU
		{57A08FA6-5595-43AE-AA7E-A20DB5C0536B}.Release|Any CPU.ActiveCfg = Release|Any CPU
		{57A08FA6-5595-43AE-AA7E-A20DB5C0536B}.Release|Any CPU.Build.0 = Release|Any CPU
		{1C95E31E-6273-466A-8107-1DCEB9CEED85}.Debug|Any CPU.ActiveCfg = Debug|Any CPU
		{1C95E31E-6273-466A-8107-1DCEB9CEED85}.Debug|Any CPU.Build.0 = Debug|Any CPU
		{1C95E31E-6273-466A-8107-1DCEB9CEED85}.Release|Any CPU.ActiveCfg = Release|Any CPU
		{1C95E31E-6273-466A-8107-1DCEB9CEED85}.Release|Any CPU.Build.0 = Release|Any CPU
		{86E23468-92DB-4FB2-B84F-A82F391C59B5}.Debug|Any CPU.ActiveCfg = Debug|Any CPU
		{86E23468-92DB-4FB2-B84F-A82F391C59B5}.Debug|Any CPU.Build.0 = Debug|Any CPU
		{86E23468-92DB-4FB2-B84F-A82F391C59B5}.Release|Any CPU.ActiveCfg = Release|Any CPU
		{86E23468-92DB-4FB2-B84F-A82F391C59B5}.Release|Any CPU.Build.0 = Release|Any CPU
		{4A7FE619-F0B7-4583-BFDA-3287487B96B9}.Debug|Any CPU.ActiveCfg = Debug|Any CPU
		{4A7FE619-F0B7-4583-BFDA-3287487B96B9}.Debug|Any CPU.Build.0 = Debug|Any CPU
		{4A7FE619-F0B7-4583-BFDA-3287487B96B9}.Release|Any CPU.ActiveCfg = Release|Any CPU
		{4A7FE619-F0B7-4583-BFDA-3287487B96B9}.Release|Any CPU.Build.0 = Release|Any CPU
		{82F2A18E-37D7-4E5A-B55E-DAA8AB438412}.Debug|Any CPU.ActiveCfg = Debug|Any CPU
		{82F2A18E-37D7-4E5A-B55E-DAA8AB438412}.Debug|Any CPU.Build.0 = Debug|Any CPU
		{82F2A18E-37D7-4E5A-B55E-DAA8AB438412}.Release|Any CPU.ActiveCfg = Release|Any CPU
		{82F2A18E-37D7-4E5A-B55E-DAA8AB438412}.Release|Any CPU.Build.0 = Release|Any CPU
		{469C2CF5-7BCA-4301-AEB6-A277E156A3EA}.Debug|Any CPU.ActiveCfg = Debug|Any CPU
		{469C2CF5-7BCA-4301-AEB6-A277E156A3EA}.Debug|Any CPU.Build.0 = Debug|Any CPU
		{469C2CF5-7BCA-4301-AEB6-A277E156A3EA}.Release|Any CPU.ActiveCfg = Release|Any CPU
		{469C2CF5-7BCA-4301-AEB6-A277E156A3EA}.Release|Any CPU.Build.0 = Release|Any CPU
		{C9A2D2B3-BD79-42D5-A144-3E4E32BA3E64}.Debug|Any CPU.ActiveCfg = Debug|Any CPU
		{C9A2D2B3-BD79-42D5-A144-3E4E32BA3E64}.Debug|Any CPU.Build.0 = Debug|Any CPU
		{C9A2D2B3-BD79-42D5-A144-3E4E32BA3E64}.Release|Any CPU.ActiveCfg = Release|Any CPU
		{C9A2D2B3-BD79-42D5-A144-3E4E32BA3E64}.Release|Any CPU.Build.0 = Release|Any CPU
		{E1536A75-F254-470A-B570-1991916CEE6B}.Debug|Any CPU.ActiveCfg = Debug|Any CPU
		{E1536A75-F254-470A-B570-1991916CEE6B}.Debug|Any CPU.Build.0 = Debug|Any CPU
		{E1536A75-F254-470A-B570-1991916CEE6B}.Release|Any CPU.ActiveCfg = Release|Any CPU
		{E1536A75-F254-470A-B570-1991916CEE6B}.Release|Any CPU.Build.0 = Release|Any CPU
	EndGlobalSection
	GlobalSection(SolutionProperties) = preSolution
		HideSolutionNode = FALSE
	EndGlobalSection
	GlobalSection(NestedProjects) = preSolution
		{2A3C4F8F-0186-40D1-88CC-AFCDBE6F69F1} = {7BBE4AB3-8DA5-4C6C-B1B7-22B7991CB5B2}
		{5506B504-D187-4094-BE00-03113A895234} = {7BBE4AB3-8DA5-4C6C-B1B7-22B7991CB5B2}
		{33C8121E-0573-484B-8127-8870C282F6D0} = {7BBE4AB3-8DA5-4C6C-B1B7-22B7991CB5B2}
		{57A08FA6-5595-43AE-AA7E-A20DB5C0536B} = {7BBE4AB3-8DA5-4C6C-B1B7-22B7991CB5B2}
		{1C95E31E-6273-466A-8107-1DCEB9CEED85} = {7BBE4AB3-8DA5-4C6C-B1B7-22B7991CB5B2}
		{86E23468-92DB-4FB2-B84F-A82F391C59B5} = {7BBE4AB3-8DA5-4C6C-B1B7-22B7991CB5B2}
		{4A7FE619-F0B7-4583-BFDA-3287487B96B9} = {7BBE4AB3-8DA5-4C6C-B1B7-22B7991CB5B2}
		{82F2A18E-37D7-4E5A-B55E-DAA8AB438412} = {7BBE4AB3-8DA5-4C6C-B1B7-22B7991CB5B2}
		{469C2CF5-7BCA-4301-AEB6-A277E156A3EA} = {7BBE4AB3-8DA5-4C6C-B1B7-22B7991CB5B2}
		{C9A2D2B3-BD79-42D5-A144-3E4E32BA3E64} = {7BBE4AB3-8DA5-4C6C-B1B7-22B7991CB5B2}
		{E1536A75-F254-470A-B570-1991916CEE6B} = {43EA6568-696E-4C10-97D3-37173C01E5F5}
	EndGlobalSection
EndGlobal
